// !$*UTF8*$!
{
	archiveVersion = 1;
	classes = {
	};
	objectVersion = 55;
	objects = {

/* Begin PBXBuildFile section */
		597313D9E43AEAD3AEBBF089 /* Pods_IssueTracker.framework in Frameworks */ = {isa = PBXBuildFile; fileRef = A338D214445E7E813AC159EA /* Pods_IssueTracker.framework */; };
		B71A0A032859B8FF0030D3ED /* NotificationCenter.swift in Sources */ = {isa = PBXBuildFile; fileRef = B71A0A022859B8FF0030D3ED /* NotificationCenter.swift */; };
		B724DC92286058C3007DAC1A /* TabBarViewController.swift in Sources */ = {isa = PBXBuildFile; fileRef = B724DC91286058C3007DAC1A /* TabBarViewController.swift */; };
		B724DC9528605915007DAC1A /* HomeViewController.swift in Sources */ = {isa = PBXBuildFile; fileRef = B724DC9428605915007DAC1A /* HomeViewController.swift */; };
		B724DC9928615FC4007DAC1A /* NavigationButtonItem.swift in Sources */ = {isa = PBXBuildFile; fileRef = B724DC9828615FC4007DAC1A /* NavigationButtonItem.swift */; };
		B7A56D932861835B00EA639D /* TableViewDataSource.swift in Sources */ = {isa = PBXBuildFile; fileRef = B7A56D922861835B00EA639D /* TableViewDataSource.swift */; };
		B7A56D9528618E0900EA639D /* IssuseCardCell.swift in Sources */ = {isa = PBXBuildFile; fileRef = B7A56D9428618E0900EA639D /* IssuseCardCell.swift */; };
		B7A56D9728618F6800EA639D /* UIFont+.swift in Sources */ = {isa = PBXBuildFile; fileRef = B7A56D9628618F6800EA639D /* UIFont+.swift */; };
		B7A56D992861913300EA639D /* BadgeLabel.swift in Sources */ = {isa = PBXBuildFile; fileRef = B7A56D982861913300EA639D /* BadgeLabel.swift */; };
		B7A56D9B2861C5E600EA639D /* IssueCardDTO.swift in Sources */ = {isa = PBXBuildFile; fileRef = B7A56D9A2861C5E600EA639D /* IssueCardDTO.swift */; };
		B7A56D9D2861C79D00EA639D /* SelectionLabel.swift in Sources */ = {isa = PBXBuildFile; fileRef = B7A56D9C2861C79D00EA639D /* SelectionLabel.swift */; };
		B7A56DA02862B8B300EA639D /* IssueAddButton.swift in Sources */ = {isa = PBXBuildFile; fileRef = B7A56D9F2862B8B300EA639D /* IssueAddButton.swift */; };
		B7A56DA8286470CF00EA639D /* LoginViewModel.swift in Sources */ = {isa = PBXBuildFile; fileRef = B7A56DA7286470CF00EA639D /* LoginViewModel.swift */; };
		B7A56DB8286A71E900EA639D /* RequestUserInfoUsecase.swift in Sources */ = {isa = PBXBuildFile; fileRef = B7A56DB7286A71E900EA639D /* RequestUserInfoUsecase.swift */; };
		B7A56DBC286A73CA00EA639D /* DefaultUserInfoRepository.swift in Sources */ = {isa = PBXBuildFile; fileRef = B7A56DBB286A73CA00EA639D /* DefaultUserInfoRepository.swift */; };
		B7A56DBE286A77FA00EA639D /* UserInfoRepository.swift in Sources */ = {isa = PBXBuildFile; fileRef = B7A56DBD286A77FA00EA639D /* UserInfoRepository.swift */; };
		B7A56DC0286A7E1200EA639D /* Decoder.swift in Sources */ = {isa = PBXBuildFile; fileRef = B7A56DBF286A7E1200EA639D /* Decoder.swift */; };
		B7A56DC3286A7E2500EA639D /* Encoder.swift in Sources */ = {isa = PBXBuildFile; fileRef = B7A56DC2286A7E2500EA639D /* Encoder.swift */; };
		B7A56DC5286A937600EA639D /* UserInfoURLConfiguration.swift in Sources */ = {isa = PBXBuildFile; fileRef = B7A56DC4286A937600EA639D /* UserInfoURLConfiguration.swift */; };
		B7A836EE285B319500A06C77 /* Bundle+.swift in Sources */ = {isa = PBXBuildFile; fileRef = B7A836ED285B319500A06C77 /* Bundle+.swift */; };
		B7A836F0285B322000A06C77 /* URLConfigurable.swift in Sources */ = {isa = PBXBuildFile; fileRef = B7A836EF285B322000A06C77 /* URLConfigurable.swift */; };
		B7A836F3285B32C900A06C77 /* GitURLConfiguration.swift in Sources */ = {isa = PBXBuildFile; fileRef = B7A836F2285B32C900A06C77 /* GitURLConfiguration.swift */; };
		B7A836F5285B330900A06C77 /* Authenticable.swift in Sources */ = {isa = PBXBuildFile; fileRef = B7A836F4285B330900A06C77 /* Authenticable.swift */; };
		B7A836F9285B392800A06C77 /* EndPointable.swift in Sources */ = {isa = PBXBuildFile; fileRef = B7A836F8285B392800A06C77 /* EndPointable.swift */; };
		B7A836FB285B39B500A06C77 /* HTTPPackageable.swift in Sources */ = {isa = PBXBuildFile; fileRef = B7A836FA285B39B500A06C77 /* HTTPPackageable.swift */; };
		B7A836FD285B3A1200A06C77 /* EndPoint.swift in Sources */ = {isa = PBXBuildFile; fileRef = B7A836FC285B3A1200A06C77 /* EndPoint.swift */; };
		B7A83710285C1A1300A06C77 /* GithubAuthorizationUsecase.swift in Sources */ = {isa = PBXBuildFile; fileRef = B7A8370F285C1A1300A06C77 /* GithubAuthorizationUsecase.swift */; };
		B7E58B6D2858505A004C6BE6 /* ClientKey.plist in Resources */ = {isa = PBXBuildFile; fileRef = B7E58B6C2858505A004C6BE6 /* ClientKey.plist */; };
		B7E58B6F28586FCE004C6BE6 /* NetworkService.swift in Sources */ = {isa = PBXBuildFile; fileRef = B7E58B6E28586FCE004C6BE6 /* NetworkService.swift */; };
		B7E58B7128587013004C6BE6 /* HTTPMethod.swift in Sources */ = {isa = PBXBuildFile; fileRef = B7E58B7028587013004C6BE6 /* HTTPMethod.swift */; };
		D291537A285B6B3300B5CDA8 /* NetworkServiceable.swift in Sources */ = {isa = PBXBuildFile; fileRef = D2915379285B6B3300B5CDA8 /* NetworkServiceable.swift */; };
		D291537C285B6B6500B5CDA8 /* NetworkError.swift in Sources */ = {isa = PBXBuildFile; fileRef = D291537B285B6B6500B5CDA8 /* NetworkError.swift */; };
		D291537E285B6D7F00B5CDA8 /* AppleAuthorizationUsecase.swift in Sources */ = {isa = PBXBuildFile; fileRef = D291537D285B6D7F00B5CDA8 /* AppleAuthorizationUsecase.swift */; };
		D2915381285B740500B5CDA8 /* DefaultLoginUsecase.swift in Sources */ = {isa = PBXBuildFile; fileRef = D2915380285B740500B5CDA8 /* DefaultLoginUsecase.swift */; };
		D2915385286013DB00B5CDA8 /* OAuthButtonType.swift in Sources */ = {isa = PBXBuildFile; fileRef = D2915384286013DB00B5CDA8 /* OAuthButtonType.swift */; };
		D2A99973286159ED00910F7D /* IssueAddViewController.swift in Sources */ = {isa = PBXBuildFile; fileRef = D2A99972286159ED00910F7D /* IssueAddViewController.swift */; };
		D2A9997528615F3600910F7D /* CommentContainerView.swift in Sources */ = {isa = PBXBuildFile; fileRef = D2A9997428615F3600910F7D /* CommentContainerView.swift */; };
		D2A99977286160BF00910F7D /* DividedLineView.swift in Sources */ = {isa = PBXBuildFile; fileRef = D2A99976286160BF00910F7D /* DividedLineView.swift */; };
		D2A999792861876A00910F7D /* ListContainerView.swift in Sources */ = {isa = PBXBuildFile; fileRef = D2A999782861876A00910F7D /* ListContainerView.swift */; };
		D2A9997B28618D0E00910F7D /* ListCell.swift in Sources */ = {isa = PBXBuildFile; fileRef = D2A9997A28618D0E00910F7D /* ListCell.swift */; };
		D2A9997F2862BE9500910F7D /* IssueAddListEntity.swift in Sources */ = {isa = PBXBuildFile; fileRef = D2A9997E2862BE9500910F7D /* IssueAddListEntity.swift */; };
		D2A9998B2864055400910F7D /* CommentTitleContainerView.swift in Sources */ = {isa = PBXBuildFile; fileRef = D2A9998A2864055400910F7D /* CommentTitleContainerView.swift */; };
		D2A9998E2865584700910F7D /* Observable.swift in Sources */ = {isa = PBXBuildFile; fileRef = D2A9998D2865584700910F7D /* Observable.swift */; };
		D2A9999028655CE200910F7D /* UserInfo.swift in Sources */ = {isa = PBXBuildFile; fileRef = D2A9998F28655CE200910F7D /* UserInfo.swift */; };
		D2A9999228655D0900910F7D /* GrantResource.swift in Sources */ = {isa = PBXBuildFile; fileRef = D2A9999128655D0900910F7D /* GrantResource.swift */; };
		D2B750682856FCBE0078067A /* AppDelegate.swift in Sources */ = {isa = PBXBuildFile; fileRef = D2B750672856FCBE0078067A /* AppDelegate.swift */; };
		D2B7506A2856FCBE0078067A /* SceneDelegate.swift in Sources */ = {isa = PBXBuildFile; fileRef = D2B750692856FCBE0078067A /* SceneDelegate.swift */; };
		D2B7506C2856FCBE0078067A /* LoginViewController.swift in Sources */ = {isa = PBXBuildFile; fileRef = D2B7506B2856FCBE0078067A /* LoginViewController.swift */; };
		D2B750712856FCC00078067A /* Assets.xcassets in Resources */ = {isa = PBXBuildFile; fileRef = D2B750702856FCC00078067A /* Assets.xcassets */; };
		D2B750742856FCC00078067A /* LaunchScreen.storyboard in Resources */ = {isa = PBXBuildFile; fileRef = D2B750722856FCC00078067A /* LaunchScreen.storyboard */; };
		D2D5264C285850A100581C88 /* LoginInputView.swift in Sources */ = {isa = PBXBuildFile; fileRef = D2D5264B285850A100581C88 /* LoginInputView.swift */; };
		D2D5264E2858557700581C88 /* UIView+.swift in Sources */ = {isa = PBXBuildFile; fileRef = D2D5264D2858557700581C88 /* UIView+.swift */; };
		D2D5265528588B3A00581C88 /* OAuthLoginView.swift in Sources */ = {isa = PBXBuildFile; fileRef = D2D5265428588B3A00581C88 /* OAuthLoginView.swift */; };
		D2D526592858CF5000581C88 /* UIImage+.swift in Sources */ = {isa = PBXBuildFile; fileRef = D2D526582858CF5000581C88 /* UIImage+.swift */; };
		D2D5265E2858D98400581C88 /* OAuthLoginButton.swift in Sources */ = {isa = PBXBuildFile; fileRef = D2D5265D2858D98400581C88 /* OAuthLoginButton.swift */; };
		D2D526612858DF7B00581C88 /* UIColor+.swift in Sources */ = {isa = PBXBuildFile; fileRef = D2D526602858DF7B00581C88 /* UIColor+.swift */; };
		D2D526632859A65600581C88 /* OAuthButtonDelegate.swift in Sources */ = {isa = PBXBuildFile; fileRef = D2D526622859A65600581C88 /* OAuthButtonDelegate.swift */; };
/* End PBXBuildFile section */

/* Begin PBXFileReference section */
		881AFF5EE63650736B6FCCB8 /* Pods-IssueTracker.debug.xcconfig */ = {isa = PBXFileReference; includeInIndex = 1; lastKnownFileType = text.xcconfig; name = "Pods-IssueTracker.debug.xcconfig"; path = "Target Support Files/Pods-IssueTracker/Pods-IssueTracker.debug.xcconfig"; sourceTree = "<group>"; };
		A338D214445E7E813AC159EA /* Pods_IssueTracker.framework */ = {isa = PBXFileReference; explicitFileType = wrapper.framework; includeInIndex = 0; path = Pods_IssueTracker.framework; sourceTree = BUILT_PRODUCTS_DIR; };
		AA124A5450ECA849D48F4413 /* Pods-IssueTracker.release.xcconfig */ = {isa = PBXFileReference; includeInIndex = 1; lastKnownFileType = text.xcconfig; name = "Pods-IssueTracker.release.xcconfig"; path = "Target Support Files/Pods-IssueTracker/Pods-IssueTracker.release.xcconfig"; sourceTree = "<group>"; };
		B71A0A022859B8FF0030D3ED /* NotificationCenter.swift */ = {isa = PBXFileReference; fileEncoding = 4; lastKnownFileType = sourcecode.swift; path = NotificationCenter.swift; sourceTree = "<group>"; };
		B724DC91286058C3007DAC1A /* TabBarViewController.swift */ = {isa = PBXFileReference; lastKnownFileType = sourcecode.swift; path = TabBarViewController.swift; sourceTree = "<group>"; };
		B724DC9428605915007DAC1A /* HomeViewController.swift */ = {isa = PBXFileReference; lastKnownFileType = sourcecode.swift; path = HomeViewController.swift; sourceTree = "<group>"; };
		B724DC9828615FC4007DAC1A /* NavigationButtonItem.swift */ = {isa = PBXFileReference; lastKnownFileType = sourcecode.swift; path = NavigationButtonItem.swift; sourceTree = "<group>"; };
		B7A56D922861835B00EA639D /* TableViewDataSource.swift */ = {isa = PBXFileReference; lastKnownFileType = sourcecode.swift; path = TableViewDataSource.swift; sourceTree = "<group>"; };
		B7A56D9428618E0900EA639D /* IssuseCardCell.swift */ = {isa = PBXFileReference; lastKnownFileType = sourcecode.swift; path = IssuseCardCell.swift; sourceTree = "<group>"; };
		B7A56D9628618F6800EA639D /* UIFont+.swift */ = {isa = PBXFileReference; lastKnownFileType = sourcecode.swift; path = "UIFont+.swift"; sourceTree = "<group>"; };
		B7A56D982861913300EA639D /* BadgeLabel.swift */ = {isa = PBXFileReference; lastKnownFileType = sourcecode.swift; path = BadgeLabel.swift; sourceTree = "<group>"; };
		B7A56D9A2861C5E600EA639D /* IssueCardDTO.swift */ = {isa = PBXFileReference; lastKnownFileType = sourcecode.swift; path = IssueCardDTO.swift; sourceTree = "<group>"; };
		B7A56D9C2861C79D00EA639D /* SelectionLabel.swift */ = {isa = PBXFileReference; lastKnownFileType = sourcecode.swift; path = SelectionLabel.swift; sourceTree = "<group>"; };
		B7A56D9F2862B8B300EA639D /* IssueAddButton.swift */ = {isa = PBXFileReference; lastKnownFileType = sourcecode.swift; path = IssueAddButton.swift; sourceTree = "<group>"; };
		B7A56DA7286470CF00EA639D /* LoginViewModel.swift */ = {isa = PBXFileReference; lastKnownFileType = sourcecode.swift; path = LoginViewModel.swift; sourceTree = "<group>"; };
		B7A56DB7286A71E900EA639D /* RequestUserInfoUsecase.swift */ = {isa = PBXFileReference; lastKnownFileType = sourcecode.swift; path = RequestUserInfoUsecase.swift; sourceTree = "<group>"; };
		B7A56DBB286A73CA00EA639D /* DefaultUserInfoRepository.swift */ = {isa = PBXFileReference; lastKnownFileType = sourcecode.swift; path = DefaultUserInfoRepository.swift; sourceTree = "<group>"; };
		B7A56DBD286A77FA00EA639D /* UserInfoRepository.swift */ = {isa = PBXFileReference; lastKnownFileType = sourcecode.swift; path = UserInfoRepository.swift; sourceTree = "<group>"; };
		B7A56DBF286A7E1200EA639D /* Decoder.swift */ = {isa = PBXFileReference; lastKnownFileType = sourcecode.swift; path = Decoder.swift; sourceTree = "<group>"; };
		B7A56DC2286A7E2500EA639D /* Encoder.swift */ = {isa = PBXFileReference; lastKnownFileType = sourcecode.swift; path = Encoder.swift; sourceTree = "<group>"; };
		B7A56DC4286A937600EA639D /* UserInfoURLConfiguration.swift */ = {isa = PBXFileReference; lastKnownFileType = sourcecode.swift; path = UserInfoURLConfiguration.swift; sourceTree = "<group>"; };
		B7A836ED285B319500A06C77 /* Bundle+.swift */ = {isa = PBXFileReference; lastKnownFileType = sourcecode.swift; path = "Bundle+.swift"; sourceTree = "<group>"; };
		B7A836EF285B322000A06C77 /* URLConfigurable.swift */ = {isa = PBXFileReference; lastKnownFileType = sourcecode.swift; path = URLConfigurable.swift; sourceTree = "<group>"; };
		B7A836F2285B32C900A06C77 /* GitURLConfiguration.swift */ = {isa = PBXFileReference; lastKnownFileType = sourcecode.swift; path = GitURLConfiguration.swift; sourceTree = "<group>"; };
		B7A836F4285B330900A06C77 /* Authenticable.swift */ = {isa = PBXFileReference; lastKnownFileType = sourcecode.swift; path = Authenticable.swift; sourceTree = "<group>"; };
		B7A836F8285B392800A06C77 /* EndPointable.swift */ = {isa = PBXFileReference; lastKnownFileType = sourcecode.swift; path = EndPointable.swift; sourceTree = "<group>"; };
		B7A836FA285B39B500A06C77 /* HTTPPackageable.swift */ = {isa = PBXFileReference; lastKnownFileType = sourcecode.swift; path = HTTPPackageable.swift; sourceTree = "<group>"; };
		B7A836FC285B3A1200A06C77 /* EndPoint.swift */ = {isa = PBXFileReference; lastKnownFileType = sourcecode.swift; path = EndPoint.swift; sourceTree = "<group>"; };
		B7A8370F285C1A1300A06C77 /* GithubAuthorizationUsecase.swift */ = {isa = PBXFileReference; lastKnownFileType = sourcecode.swift; path = GithubAuthorizationUsecase.swift; sourceTree = "<group>"; };
		B7E58B6C2858505A004C6BE6 /* ClientKey.plist */ = {isa = PBXFileReference; lastKnownFileType = text.plist.xml; path = ClientKey.plist; sourceTree = "<group>"; };
		B7E58B6E28586FCE004C6BE6 /* NetworkService.swift */ = {isa = PBXFileReference; lastKnownFileType = sourcecode.swift; path = NetworkService.swift; sourceTree = "<group>"; };
		B7E58B7028587013004C6BE6 /* HTTPMethod.swift */ = {isa = PBXFileReference; lastKnownFileType = sourcecode.swift; path = HTTPMethod.swift; sourceTree = "<group>"; };
		D2915379285B6B3300B5CDA8 /* NetworkServiceable.swift */ = {isa = PBXFileReference; lastKnownFileType = sourcecode.swift; path = NetworkServiceable.swift; sourceTree = "<group>"; };
		D291537B285B6B6500B5CDA8 /* NetworkError.swift */ = {isa = PBXFileReference; lastKnownFileType = sourcecode.swift; path = NetworkError.swift; sourceTree = "<group>"; };
		D291537D285B6D7F00B5CDA8 /* AppleAuthorizationUsecase.swift */ = {isa = PBXFileReference; lastKnownFileType = sourcecode.swift; path = AppleAuthorizationUsecase.swift; sourceTree = "<group>"; };
		D2915380285B740500B5CDA8 /* DefaultLoginUsecase.swift */ = {isa = PBXFileReference; lastKnownFileType = sourcecode.swift; path = DefaultLoginUsecase.swift; sourceTree = "<group>"; };
		D2915384286013DB00B5CDA8 /* OAuthButtonType.swift */ = {isa = PBXFileReference; lastKnownFileType = sourcecode.swift; path = OAuthButtonType.swift; sourceTree = "<group>"; };
		D2A99972286159ED00910F7D /* IssueAddViewController.swift */ = {isa = PBXFileReference; lastKnownFileType = sourcecode.swift; path = IssueAddViewController.swift; sourceTree = "<group>"; };
		D2A9997428615F3600910F7D /* CommentContainerView.swift */ = {isa = PBXFileReference; lastKnownFileType = sourcecode.swift; path = CommentContainerView.swift; sourceTree = "<group>"; };
		D2A99976286160BF00910F7D /* DividedLineView.swift */ = {isa = PBXFileReference; lastKnownFileType = sourcecode.swift; path = DividedLineView.swift; sourceTree = "<group>"; };
		D2A999782861876A00910F7D /* ListContainerView.swift */ = {isa = PBXFileReference; lastKnownFileType = sourcecode.swift; path = ListContainerView.swift; sourceTree = "<group>"; };
		D2A9997A28618D0E00910F7D /* ListCell.swift */ = {isa = PBXFileReference; lastKnownFileType = sourcecode.swift; path = ListCell.swift; sourceTree = "<group>"; };
		D2A9997E2862BE9500910F7D /* IssueAddListEntity.swift */ = {isa = PBXFileReference; lastKnownFileType = sourcecode.swift; path = IssueAddListEntity.swift; sourceTree = "<group>"; };
		D2A9998A2864055400910F7D /* CommentTitleContainerView.swift */ = {isa = PBXFileReference; lastKnownFileType = sourcecode.swift; path = CommentTitleContainerView.swift; sourceTree = "<group>"; };
		D2A9998D2865584700910F7D /* Observable.swift */ = {isa = PBXFileReference; lastKnownFileType = sourcecode.swift; path = Observable.swift; sourceTree = "<group>"; };
		D2A9998F28655CE200910F7D /* UserInfo.swift */ = {isa = PBXFileReference; lastKnownFileType = sourcecode.swift; path = UserInfo.swift; sourceTree = "<group>"; };
		D2A9999128655D0900910F7D /* GrantResource.swift */ = {isa = PBXFileReference; lastKnownFileType = sourcecode.swift; path = GrantResource.swift; sourceTree = "<group>"; };
		D2B750642856FCBE0078067A /* IssueTracker.app */ = {isa = PBXFileReference; explicitFileType = wrapper.application; includeInIndex = 0; path = IssueTracker.app; sourceTree = BUILT_PRODUCTS_DIR; };
		D2B750672856FCBE0078067A /* AppDelegate.swift */ = {isa = PBXFileReference; lastKnownFileType = sourcecode.swift; path = AppDelegate.swift; sourceTree = "<group>"; };
		D2B750692856FCBE0078067A /* SceneDelegate.swift */ = {isa = PBXFileReference; lastKnownFileType = sourcecode.swift; path = SceneDelegate.swift; sourceTree = "<group>"; };
		D2B7506B2856FCBE0078067A /* LoginViewController.swift */ = {isa = PBXFileReference; lastKnownFileType = sourcecode.swift; path = LoginViewController.swift; sourceTree = "<group>"; };
		D2B750702856FCC00078067A /* Assets.xcassets */ = {isa = PBXFileReference; lastKnownFileType = folder.assetcatalog; path = Assets.xcassets; sourceTree = "<group>"; };
		D2B750732856FCC00078067A /* Base */ = {isa = PBXFileReference; lastKnownFileType = file.storyboard; name = Base; path = Base.lproj/LaunchScreen.storyboard; sourceTree = "<group>"; };
		D2B750752856FCC00078067A /* Info.plist */ = {isa = PBXFileReference; lastKnownFileType = text.plist.xml; path = Info.plist; sourceTree = "<group>"; };
		D2D5264B285850A100581C88 /* LoginInputView.swift */ = {isa = PBXFileReference; lastKnownFileType = sourcecode.swift; path = LoginInputView.swift; sourceTree = "<group>"; };
		D2D5264D2858557700581C88 /* UIView+.swift */ = {isa = PBXFileReference; lastKnownFileType = sourcecode.swift; path = "UIView+.swift"; sourceTree = "<group>"; };
		D2D5265428588B3A00581C88 /* OAuthLoginView.swift */ = {isa = PBXFileReference; lastKnownFileType = sourcecode.swift; path = OAuthLoginView.swift; sourceTree = "<group>"; };
		D2D526582858CF5000581C88 /* UIImage+.swift */ = {isa = PBXFileReference; lastKnownFileType = sourcecode.swift; path = "UIImage+.swift"; sourceTree = "<group>"; };
		D2D5265D2858D98400581C88 /* OAuthLoginButton.swift */ = {isa = PBXFileReference; lastKnownFileType = sourcecode.swift; path = OAuthLoginButton.swift; sourceTree = "<group>"; };
		D2D526602858DF7B00581C88 /* UIColor+.swift */ = {isa = PBXFileReference; lastKnownFileType = sourcecode.swift; path = "UIColor+.swift"; sourceTree = "<group>"; };
		D2D526622859A65600581C88 /* OAuthButtonDelegate.swift */ = {isa = PBXFileReference; lastKnownFileType = sourcecode.swift; path = OAuthButtonDelegate.swift; sourceTree = "<group>"; };
		D2D526642859AA9D00581C88 /* IssueTracker.entitlements */ = {isa = PBXFileReference; lastKnownFileType = text.plist.entitlements; path = IssueTracker.entitlements; sourceTree = "<group>"; };
/* End PBXFileReference section */

/* Begin PBXFrameworksBuildPhase section */
		D2B750612856FCBE0078067A /* Frameworks */ = {
			isa = PBXFrameworksBuildPhase;
			buildActionMask = 2147483647;
			files = (
				597313D9E43AEAD3AEBBF089 /* Pods_IssueTracker.framework in Frameworks */,
			);
			runOnlyForDeploymentPostprocessing = 0;
		};
/* End PBXFrameworksBuildPhase section */

/* Begin PBXGroup section */
		A613E05A2D36F12937769896 /* Pods */ = {
			isa = PBXGroup;
			children = (
				881AFF5EE63650736B6FCCB8 /* Pods-IssueTracker.debug.xcconfig */,
				AA124A5450ECA849D48F4413 /* Pods-IssueTracker.release.xcconfig */,
			);
			path = Pods;
			sourceTree = "<group>";
		};
		B724DC9028605890007DAC1A /* TabBar */ = {
			isa = PBXGroup;
			children = (
				B724DC91286058C3007DAC1A /* TabBarViewController.swift */,
			);
			path = TabBar;
			sourceTree = "<group>";
		};
		B724DC9328605902007DAC1A /* HomeScene */ = {
			isa = PBXGroup;
			children = (
				D2A999872862F70100910F7D /* View */,
			);
			path = HomeScene;
			sourceTree = "<group>";
		};
		B7A56D9E2862B84F00EA639D /* Component */ = {
			isa = PBXGroup;
			children = (
				B724DC9828615FC4007DAC1A /* NavigationButtonItem.swift */,
				B7A56D9C2861C79D00EA639D /* SelectionLabel.swift */,
				B7A56D982861913300EA639D /* BadgeLabel.swift */,
				B7A56D9F2862B8B300EA639D /* IssueAddButton.swift */,
			);
			path = Component;
			sourceTree = "<group>";
		};
		B7A56DA62864709A00EA639D /* ViewModel */ = {
			isa = PBXGroup;
			children = (
				B7A56DA7286470CF00EA639D /* LoginViewModel.swift */,
			);
			path = ViewModel;
			sourceTree = "<group>";
		};
		B7A56DB9286A73A900EA639D /* Repository */ = {
			isa = PBXGroup;
			children = (
				B7A56DBA286A73BE00EA639D /* DefaultUserInfoRepository */,
			);
			path = Repository;
			sourceTree = "<group>";
		};
		B7A56DBA286A73BE00EA639D /* DefaultUserInfoRepository */ = {
			isa = PBXGroup;
			children = (
				B7A56DBB286A73CA00EA639D /* DefaultUserInfoRepository.swift */,
				B7A56DBD286A77FA00EA639D /* UserInfoRepository.swift */,
			);
			path = DefaultUserInfoRepository;
			sourceTree = "<group>";
		};
		B7A836EC285B30EA00A06C77 /* Protocol */ = {
			isa = PBXGroup;
			children = (
				B7A836EF285B322000A06C77 /* URLConfigurable.swift */,
				B7A836F4285B330900A06C77 /* Authenticable.swift */,
			);
			path = Protocol;
			sourceTree = "<group>";
		};
		B7A836F1285B32BE00A06C77 /* URLComponent */ = {
			isa = PBXGroup;
			children = (
				B7A836F2285B32C900A06C77 /* GitURLConfiguration.swift */,
				B7A56DC4286A937600EA639D /* UserInfoURLConfiguration.swift */,
				B7A836EC285B30EA00A06C77 /* Protocol */,
			);
			path = URLComponent;
			sourceTree = "<group>";
		};
		B7A836F6285B390700A06C77 /* EndPoint */ = {
			isa = PBXGroup;
			children = (
				B7A836FC285B3A1200A06C77 /* EndPoint.swift */,
				B7A836F8285B392800A06C77 /* EndPointable.swift */,
				B7A836F7285B391700A06C77 /* Protocol */,
			);
			path = EndPoint;
			sourceTree = "<group>";
		};
		B7A836F7285B391700A06C77 /* Protocol */ = {
			isa = PBXGroup;
			children = (
				B7A836FA285B39B500A06C77 /* HTTPPackageable.swift */,
			);
			path = Protocol;
			sourceTree = "<group>";
		};
		B7E58B6928584D0C004C6BE6 /* Network */ = {
			isa = PBXGroup;
			children = (
				D2915382286013B500B5CDA8 /* EnumTypes */,
				B7A836F6285B390700A06C77 /* EndPoint */,
				B7A836F1285B32BE00A06C77 /* URLComponent */,
				D2915377285B436000B5CDA8 /* Service */,
			);
			path = Network;
			sourceTree = "<group>";
		};
		D2915377285B436000B5CDA8 /* Service */ = {
			isa = PBXGroup;
			children = (
				B7E58B6E28586FCE004C6BE6 /* NetworkService.swift */,
				D2915378285B6B1E00B5CDA8 /* Protocol */,
			);
			path = Service;
			sourceTree = "<group>";
		};
		D2915378285B6B1E00B5CDA8 /* Protocol */ = {
			isa = PBXGroup;
			children = (
				D2915379285B6B3300B5CDA8 /* NetworkServiceable.swift */,
			);
			path = Protocol;
			sourceTree = "<group>";
		};
		D291537F285B72E200B5CDA8 /* DefaultRequestGrantCode */ = {
			isa = PBXGroup;
			children = (
				D2915380285B740500B5CDA8 /* DefaultLoginUsecase.swift */,
				B7A8370F285C1A1300A06C77 /* GithubAuthorizationUsecase.swift */,
				D291537D285B6D7F00B5CDA8 /* AppleAuthorizationUsecase.swift */,
			);
			path = DefaultRequestGrantCode;
			sourceTree = "<group>";
		};
		D2915382286013B500B5CDA8 /* EnumTypes */ = {
			isa = PBXGroup;
			children = (
				B7E58B7028587013004C6BE6 /* HTTPMethod.swift */,
				D291537B285B6B6500B5CDA8 /* NetworkError.swift */,
			);
			path = EnumTypes;
			sourceTree = "<group>";
		};
		D2915383286013D400B5CDA8 /* EnumTypes */ = {
			isa = PBXGroup;
			children = (
				D2915384286013DB00B5CDA8 /* OAuthButtonType.swift */,
			);
			path = EnumTypes;
			sourceTree = "<group>";
		};
		D2A9996F286159BF00910F7D /* IssueAddScene */ = {
			isa = PBXGroup;
			children = (
				D2A999882862F73700910F7D /* View */,
			);
			path = IssueAddScene;
			sourceTree = "<group>";
		};
		D2A9997D2862B55E00910F7D /* DataLayer */ = {
			isa = PBXGroup;
			children = (
				D2A999802862F4F900910F7D /* DTO */,
				B7A56DB9286A73A900EA639D /* Repository */,
				B7E58B6928584D0C004C6BE6 /* Network */,
			);
			path = DataLayer;
			sourceTree = "<group>";
		};
		D2A999802862F4F900910F7D /* DTO */ = {
			isa = PBXGroup;
			children = (
				B7A56D9A2861C5E600EA639D /* IssueCardDTO.swift */,
			);
			path = DTO;
			sourceTree = "<group>";
		};
		D2A999812862F51200910F7D /* Entity */ = {
			isa = PBXGroup;
			children = (
				D2A9997E2862BE9500910F7D /* IssueAddListEntity.swift */,
				D2A9998F28655CE200910F7D /* UserInfo.swift */,
				D2A9999128655D0900910F7D /* GrantResource.swift */,
			);
			path = Entity;
			sourceTree = "<group>";
		};
		D2A999822862F52D00910F7D /* DomainLayer */ = {
			isa = PBXGroup;
			children = (
				D2A999832862F58D00910F7D /* Usecase */,
				D2A999812862F51200910F7D /* Entity */,
			);
			path = DomainLayer;
			sourceTree = "<group>";
		};
		D2A999832862F58D00910F7D /* Usecase */ = {
			isa = PBXGroup;
			children = (
				D291537F285B72E200B5CDA8 /* DefaultRequestGrantCode */,
				B7A56DB7286A71E900EA639D /* RequestUserInfoUsecase.swift */,
			);
			path = Usecase;
			sourceTree = "<group>";
		};
		D2A999852862F66300910F7D /* PresentationLayer */ = {
			isa = PBXGroup;
			children = (
				D2D5265128588A1000581C88 /* LoginScene */,
				B724DC9028605890007DAC1A /* TabBar */,
				B724DC9328605902007DAC1A /* HomeScene */,
				D2A9996F286159BF00910F7D /* IssueAddScene */,
			);
			path = PresentationLayer;
			sourceTree = "<group>";
		};
		D2A999862862F6BB00910F7D /* Component */ = {
			isa = PBXGroup;
			children = (
				D2D5265D2858D98400581C88 /* OAuthLoginButton.swift */,
			);
			path = Component;
			sourceTree = "<group>";
		};
		D2A999872862F70100910F7D /* View */ = {
			isa = PBXGroup;
			children = (
				B724DC9428605915007DAC1A /* HomeViewController.swift */,
				B7A56D9428618E0900EA639D /* IssuseCardCell.swift */,
				B7A56D922861835B00EA639D /* TableViewDataSource.swift */,
				B7A56D9E2862B84F00EA639D /* Component */,
			);
			path = View;
			sourceTree = "<group>";
		};
		D2A999882862F73700910F7D /* View */ = {
			isa = PBXGroup;
			children = (
				D2A99972286159ED00910F7D /* IssueAddViewController.swift */,
				D2A9997428615F3600910F7D /* CommentContainerView.swift */,
				D2A999782861876A00910F7D /* ListContainerView.swift */,
				D2A9997A28618D0E00910F7D /* ListCell.swift */,
				D2A999892862F74600910F7D /* Component */,
			);
			path = View;
			sourceTree = "<group>";
		};
		D2A999892862F74600910F7D /* Component */ = {
			isa = PBXGroup;
			children = (
				D2A9998A2864055400910F7D /* CommentTitleContainerView.swift */,
				D2A99976286160BF00910F7D /* DividedLineView.swift */,
			);
			path = Component;
			sourceTree = "<group>";
		};
		D2A9998C2865583200910F7D /* Helper */ = {
			isa = PBXGroup;
			children = (
				D2A9998D2865584700910F7D /* Observable.swift */,
				B7A56DBF286A7E1200EA639D /* Decoder.swift */,
				B7A56DC2286A7E2500EA639D /* Encoder.swift */,
			);
			path = Helper;
			sourceTree = "<group>";
		};
		D2B7505B2856FCBE0078067A = {
			isa = PBXGroup;
			children = (
				D2B750662856FCBE0078067A /* IssueTracker */,
				D2B750652856FCBE0078067A /* Products */,
				A613E05A2D36F12937769896 /* Pods */,
				E2FB1D76746F812B8F6700CC /* Frameworks */,
			);
			sourceTree = "<group>";
		};
		D2B750652856FCBE0078067A /* Products */ = {
			isa = PBXGroup;
			children = (
				D2B750642856FCBE0078067A /* IssueTracker.app */,
			);
			name = Products;
			sourceTree = "<group>";
		};
		D2B750662856FCBE0078067A /* IssueTracker */ = {
			isa = PBXGroup;
			children = (
				D2A9998C2865583200910F7D /* Helper */,
				D2A999852862F66300910F7D /* PresentationLayer */,
				D2A999822862F52D00910F7D /* DomainLayer */,
				D2A9997D2862B55E00910F7D /* DataLayer */,
				D2D5265A2858D4C000581C88 /* Extension */,
				D2B750672856FCBE0078067A /* AppDelegate.swift */,
				D2B750692856FCBE0078067A /* SceneDelegate.swift */,
				B71A0A022859B8FF0030D3ED /* NotificationCenter.swift */,
				D2B750702856FCC00078067A /* Assets.xcassets */,
				D2B750722856FCC00078067A /* LaunchScreen.storyboard */,
				D2B750752856FCC00078067A /* Info.plist */,
				B7E58B6C2858505A004C6BE6 /* ClientKey.plist */,
				D2D526642859AA9D00581C88 /* IssueTracker.entitlements */,
			);
			path = IssueTracker;
			sourceTree = "<group>";
		};
		D2D5265128588A1000581C88 /* LoginScene */ = {
			isa = PBXGroup;
			children = (
				B7A56DA62864709A00EA639D /* ViewModel */,
				D2915383286013D400B5CDA8 /* EnumTypes */,
				D2D5265F2858DB6100581C88 /* View */,
			);
			path = LoginScene;
			sourceTree = "<group>";
		};
		D2D5265A2858D4C000581C88 /* Extension */ = {
			isa = PBXGroup;
			children = (
				D2D5264D2858557700581C88 /* UIView+.swift */,
				D2D526582858CF5000581C88 /* UIImage+.swift */,
				D2D526602858DF7B00581C88 /* UIColor+.swift */,
				B7A836ED285B319500A06C77 /* Bundle+.swift */,
				B7A56D9628618F6800EA639D /* UIFont+.swift */,
			);
			path = Extension;
			sourceTree = "<group>";
		};
		D2D5265F2858DB6100581C88 /* View */ = {
			isa = PBXGroup;
			children = (
				D2B7506B2856FCBE0078067A /* LoginViewController.swift */,
				D2D5264B285850A100581C88 /* LoginInputView.swift */,
				D2D5265428588B3A00581C88 /* OAuthLoginView.swift */,
				D2D526622859A65600581C88 /* OAuthButtonDelegate.swift */,
				D2A999862862F6BB00910F7D /* Component */,
			);
			path = View;
			sourceTree = "<group>";
		};
		E2FB1D76746F812B8F6700CC /* Frameworks */ = {
			isa = PBXGroup;
			children = (
				A338D214445E7E813AC159EA /* Pods_IssueTracker.framework */,
			);
			name = Frameworks;
			sourceTree = "<group>";
		};
/* End PBXGroup section */

/* Begin PBXNativeTarget section */
		D2B750632856FCBE0078067A /* IssueTracker */ = {
			isa = PBXNativeTarget;
			buildConfigurationList = D2B750782856FCC00078067A /* Build configuration list for PBXNativeTarget "IssueTracker" */;
			buildPhases = (
				54F209382EE0A7B2E07EE28E /* [CP] Check Pods Manifest.lock */,
				B7A927C628570D2600731798 /* Run Script */,
				D2B750602856FCBE0078067A /* Sources */,
				D2B750612856FCBE0078067A /* Frameworks */,
				D2B750622856FCBE0078067A /* Resources */,
			);
			buildRules = (
			);
			dependencies = (
			);
			name = IssueTracker;
			productName = IssueTracker;
			productReference = D2B750642856FCBE0078067A /* IssueTracker.app */;
			productType = "com.apple.product-type.application";
		};
/* End PBXNativeTarget section */

/* Begin PBXProject section */
		D2B7505C2856FCBE0078067A /* Project object */ = {
			isa = PBXProject;
			attributes = {
				BuildIndependentTargetsInParallel = 1;
				LastSwiftUpdateCheck = 1340;
				LastUpgradeCheck = 1340;
				TargetAttributes = {
					D2B750632856FCBE0078067A = {
						CreatedOnToolsVersion = 13.4.1;
					};
				};
			};
			buildConfigurationList = D2B7505F2856FCBE0078067A /* Build configuration list for PBXProject "IssueTracker" */;
			compatibilityVersion = "Xcode 13.0";
			developmentRegion = en;
			hasScannedForEncodings = 0;
			knownRegions = (
				en,
				Base,
			);
			mainGroup = D2B7505B2856FCBE0078067A;
			productRefGroup = D2B750652856FCBE0078067A /* Products */;
			projectDirPath = "";
			projectRoot = "";
			targets = (
				D2B750632856FCBE0078067A /* IssueTracker */,
			);
		};
/* End PBXProject section */

/* Begin PBXResourcesBuildPhase section */
		D2B750622856FCBE0078067A /* Resources */ = {
			isa = PBXResourcesBuildPhase;
			buildActionMask = 2147483647;
			files = (
				B7E58B6D2858505A004C6BE6 /* ClientKey.plist in Resources */,
				D2B750742856FCC00078067A /* LaunchScreen.storyboard in Resources */,
				D2B750712856FCC00078067A /* Assets.xcassets in Resources */,
			);
			runOnlyForDeploymentPostprocessing = 0;
		};
/* End PBXResourcesBuildPhase section */

/* Begin PBXShellScriptBuildPhase section */
		54F209382EE0A7B2E07EE28E /* [CP] Check Pods Manifest.lock */ = {
			isa = PBXShellScriptBuildPhase;
			buildActionMask = 2147483647;
			files = (
			);
			inputFileListPaths = (
			);
			inputPaths = (
				"${PODS_PODFILE_DIR_PATH}/Podfile.lock",
				"${PODS_ROOT}/Manifest.lock",
			);
			name = "[CP] Check Pods Manifest.lock";
			outputFileListPaths = (
			);
			outputPaths = (
				"$(DERIVED_FILE_DIR)/Pods-IssueTracker-checkManifestLockResult.txt",
			);
			runOnlyForDeploymentPostprocessing = 0;
			shellPath = /bin/sh;
			shellScript = "diff \"${PODS_PODFILE_DIR_PATH}/Podfile.lock\" \"${PODS_ROOT}/Manifest.lock\" > /dev/null\nif [ $? != 0 ] ; then\n    # print error to STDERR\n    echo \"error: The sandbox is not in sync with the Podfile.lock. Run 'pod install' or update your CocoaPods installation.\" >&2\n    exit 1\nfi\n# This output is used by Xcode 'outputs' to avoid re-running this script phase.\necho \"SUCCESS\" > \"${SCRIPT_OUTPUT_FILE_0}\"\n";
			showEnvVarsInLog = 0;
		};
		B7A927C628570D2600731798 /* Run Script */ = {
			isa = PBXShellScriptBuildPhase;
			buildActionMask = 2147483647;
			files = (
			);
			inputFileListPaths = (
			);
			inputPaths = (
			);
			name = "Run Script";
			outputFileListPaths = (
			);
			outputPaths = (
			);
			runOnlyForDeploymentPostprocessing = 0;
			shellPath = /bin/sh;
			shellScript = "\"${PODS_ROOT}/SwiftLint/swiftlint\" autocorrect\n\n\n";
		};
/* End PBXShellScriptBuildPhase section */

/* Begin PBXSourcesBuildPhase section */
		D2B750602856FCBE0078067A /* Sources */ = {
			isa = PBXSourcesBuildPhase;
			buildActionMask = 2147483647;
			files = (
				D2A999792861876A00910F7D /* ListContainerView.swift in Sources */,
				B7E58B6F28586FCE004C6BE6 /* NetworkService.swift in Sources */,
				D2B7506C2856FCBE0078067A /* LoginViewController.swift in Sources */,
				D291537C285B6B6500B5CDA8 /* NetworkError.swift in Sources */,
				B7A56DC3286A7E2500EA639D /* Encoder.swift in Sources */,
				B7A56DB8286A71E900EA639D /* RequestUserInfoUsecase.swift in Sources */,
				B7A56D9B2861C5E600EA639D /* IssueCardDTO.swift in Sources */,
				B7A836F9285B392800A06C77 /* EndPointable.swift in Sources */,
				D2A9999028655CE200910F7D /* UserInfo.swift in Sources */,
				D2A99973286159ED00910F7D /* IssueAddViewController.swift in Sources */,
				D2A9997B28618D0E00910F7D /* ListCell.swift in Sources */,
				B724DC92286058C3007DAC1A /* TabBarViewController.swift in Sources */,
				B7E58B7128587013004C6BE6 /* HTTPMethod.swift in Sources */,
				D291537A285B6B3300B5CDA8 /* NetworkServiceable.swift in Sources */,
				B7A56DBC286A73CA00EA639D /* DefaultUserInfoRepository.swift in Sources */,
				B7A836FD285B3A1200A06C77 /* EndPoint.swift in Sources */,
				B7A56D9728618F6800EA639D /* UIFont+.swift in Sources */,
				B7A56D992861913300EA639D /* BadgeLabel.swift in Sources */,
				B7A836FB285B39B500A06C77 /* HTTPPackageable.swift in Sources */,
				D2B750682856FCBE0078067A /* AppDelegate.swift in Sources */,
				B724DC9928615FC4007DAC1A /* NavigationButtonItem.swift in Sources */,
				D2D5265528588B3A00581C88 /* OAuthLoginView.swift in Sources */,
				D2D5265E2858D98400581C88 /* OAuthLoginButton.swift in Sources */,
				D2D526632859A65600581C88 /* OAuthButtonDelegate.swift in Sources */,
				D2B7506A2856FCBE0078067A /* SceneDelegate.swift in Sources */,
				B71A0A032859B8FF0030D3ED /* NotificationCenter.swift in Sources */,
				D2D526592858CF5000581C88 /* UIImage+.swift in Sources */,
				D2D526612858DF7B00581C88 /* UIColor+.swift in Sources */,
				B7A56DA8286470CF00EA639D /* LoginViewModel.swift in Sources */,
				D2A9999228655D0900910F7D /* GrantResource.swift in Sources */,
				D2A9997528615F3600910F7D /* CommentContainerView.swift in Sources */,
				D2A99977286160BF00910F7D /* DividedLineView.swift in Sources */,
				B7A836F5285B330900A06C77 /* Authenticable.swift in Sources */,
				D291537E285B6D7F00B5CDA8 /* AppleAuthorizationUsecase.swift in Sources */,
				B7A56D9528618E0900EA639D /* IssuseCardCell.swift in Sources */,
				B7A56DC0286A7E1200EA639D /* Decoder.swift in Sources */,
				B724DC9528605915007DAC1A /* HomeViewController.swift in Sources */,
				D2A9998E2865584700910F7D /* Observable.swift in Sources */,
				B7A836F0285B322000A06C77 /* URLConfigurable.swift in Sources */,
				D2A9997F2862BE9500910F7D /* IssueAddListEntity.swift in Sources */,
				D2915381285B740500B5CDA8 /* DefaultLoginUsecase.swift in Sources */,
				B7A56DC5286A937600EA639D /* UserInfoURLConfiguration.swift in Sources */,
				B7A836EE285B319500A06C77 /* Bundle+.swift in Sources */,
				B7A83710285C1A1300A06C77 /* GithubAuthorizationUsecase.swift in Sources */,
				B7A56D9D2861C79D00EA639D /* SelectionLabel.swift in Sources */,
				B7A56DBE286A77FA00EA639D /* UserInfoRepository.swift in Sources */,
				B7A56DA02862B8B300EA639D /* IssueAddButton.swift in Sources */,
				B7A56D932861835B00EA639D /* TableViewDataSource.swift in Sources */,
				D2D5264C285850A100581C88 /* LoginInputView.swift in Sources */,
				D2915385286013DB00B5CDA8 /* OAuthButtonType.swift in Sources */,
				D2A9998B2864055400910F7D /* CommentTitleContainerView.swift in Sources */,
				B7A836F3285B32C900A06C77 /* GitURLConfiguration.swift in Sources */,
				D2D5264E2858557700581C88 /* UIView+.swift in Sources */,
			);
			runOnlyForDeploymentPostprocessing = 0;
		};
/* End PBXSourcesBuildPhase section */

/* Begin PBXVariantGroup section */
		D2B750722856FCC00078067A /* LaunchScreen.storyboard */ = {
			isa = PBXVariantGroup;
			children = (
				D2B750732856FCC00078067A /* Base */,
			);
			name = LaunchScreen.storyboard;
			sourceTree = "<group>";
		};
/* End PBXVariantGroup section */

/* Begin XCBuildConfiguration section */
		D2B750762856FCC00078067A /* Debug */ = {
			isa = XCBuildConfiguration;
			buildSettings = {
				ALWAYS_SEARCH_USER_PATHS = NO;
				CLANG_ANALYZER_NONNULL = YES;
				CLANG_ANALYZER_NUMBER_OBJECT_CONVERSION = YES_AGGRESSIVE;
				CLANG_CXX_LANGUAGE_STANDARD = "gnu++17";
				CLANG_ENABLE_MODULES = YES;
				CLANG_ENABLE_OBJC_ARC = YES;
				CLANG_ENABLE_OBJC_WEAK = YES;
				CLANG_WARN_BLOCK_CAPTURE_AUTORELEASING = YES;
				CLANG_WARN_BOOL_CONVERSION = YES;
				CLANG_WARN_COMMA = YES;
				CLANG_WARN_CONSTANT_CONVERSION = YES;
				CLANG_WARN_DEPRECATED_OBJC_IMPLEMENTATIONS = YES;
				CLANG_WARN_DIRECT_OBJC_ISA_USAGE = YES_ERROR;
				CLANG_WARN_DOCUMENTATION_COMMENTS = YES;
				CLANG_WARN_EMPTY_BODY = YES;
				CLANG_WARN_ENUM_CONVERSION = YES;
				CLANG_WARN_INFINITE_RECURSION = YES;
				CLANG_WARN_INT_CONVERSION = YES;
				CLANG_WARN_NON_LITERAL_NULL_CONVERSION = YES;
				CLANG_WARN_OBJC_IMPLICIT_RETAIN_SELF = YES;
				CLANG_WARN_OBJC_LITERAL_CONVERSION = YES;
				CLANG_WARN_OBJC_ROOT_CLASS = YES_ERROR;
				CLANG_WARN_QUOTED_INCLUDE_IN_FRAMEWORK_HEADER = YES;
				CLANG_WARN_RANGE_LOOP_ANALYSIS = YES;
				CLANG_WARN_STRICT_PROTOTYPES = YES;
				CLANG_WARN_SUSPICIOUS_MOVE = YES;
				CLANG_WARN_UNGUARDED_AVAILABILITY = YES_AGGRESSIVE;
				CLANG_WARN_UNREACHABLE_CODE = YES;
				CLANG_WARN__DUPLICATE_METHOD_MATCH = YES;
				COPY_PHASE_STRIP = NO;
				DEBUG_INFORMATION_FORMAT = dwarf;
				ENABLE_STRICT_OBJC_MSGSEND = YES;
				ENABLE_TESTABILITY = YES;
				GCC_C_LANGUAGE_STANDARD = gnu11;
				GCC_DYNAMIC_NO_PIC = NO;
				GCC_NO_COMMON_BLOCKS = YES;
				GCC_OPTIMIZATION_LEVEL = 0;
				GCC_PREPROCESSOR_DEFINITIONS = (
					"DEBUG=1",
					"$(inherited)",
				);
				GCC_WARN_64_TO_32_BIT_CONVERSION = YES;
				GCC_WARN_ABOUT_RETURN_TYPE = YES_ERROR;
				GCC_WARN_UNDECLARED_SELECTOR = YES;
				GCC_WARN_UNINITIALIZED_AUTOS = YES_AGGRESSIVE;
				GCC_WARN_UNUSED_FUNCTION = YES;
				GCC_WARN_UNUSED_VARIABLE = YES;
				IPHONEOS_DEPLOYMENT_TARGET = 15.5;
				MTL_ENABLE_DEBUG_INFO = INCLUDE_SOURCE;
				MTL_FAST_MATH = YES;
				ONLY_ACTIVE_ARCH = YES;
				SDKROOT = iphoneos;
				SWIFT_ACTIVE_COMPILATION_CONDITIONS = DEBUG;
				SWIFT_OPTIMIZATION_LEVEL = "-Onone";
			};
			name = Debug;
		};
		D2B750772856FCC00078067A /* Release */ = {
			isa = XCBuildConfiguration;
			buildSettings = {
				ALWAYS_SEARCH_USER_PATHS = NO;
				CLANG_ANALYZER_NONNULL = YES;
				CLANG_ANALYZER_NUMBER_OBJECT_CONVERSION = YES_AGGRESSIVE;
				CLANG_CXX_LANGUAGE_STANDARD = "gnu++17";
				CLANG_ENABLE_MODULES = YES;
				CLANG_ENABLE_OBJC_ARC = YES;
				CLANG_ENABLE_OBJC_WEAK = YES;
				CLANG_WARN_BLOCK_CAPTURE_AUTORELEASING = YES;
				CLANG_WARN_BOOL_CONVERSION = YES;
				CLANG_WARN_COMMA = YES;
				CLANG_WARN_CONSTANT_CONVERSION = YES;
				CLANG_WARN_DEPRECATED_OBJC_IMPLEMENTATIONS = YES;
				CLANG_WARN_DIRECT_OBJC_ISA_USAGE = YES_ERROR;
				CLANG_WARN_DOCUMENTATION_COMMENTS = YES;
				CLANG_WARN_EMPTY_BODY = YES;
				CLANG_WARN_ENUM_CONVERSION = YES;
				CLANG_WARN_INFINITE_RECURSION = YES;
				CLANG_WARN_INT_CONVERSION = YES;
				CLANG_WARN_NON_LITERAL_NULL_CONVERSION = YES;
				CLANG_WARN_OBJC_IMPLICIT_RETAIN_SELF = YES;
				CLANG_WARN_OBJC_LITERAL_CONVERSION = YES;
				CLANG_WARN_OBJC_ROOT_CLASS = YES_ERROR;
				CLANG_WARN_QUOTED_INCLUDE_IN_FRAMEWORK_HEADER = YES;
				CLANG_WARN_RANGE_LOOP_ANALYSIS = YES;
				CLANG_WARN_STRICT_PROTOTYPES = YES;
				CLANG_WARN_SUSPICIOUS_MOVE = YES;
				CLANG_WARN_UNGUARDED_AVAILABILITY = YES_AGGRESSIVE;
				CLANG_WARN_UNREACHABLE_CODE = YES;
				CLANG_WARN__DUPLICATE_METHOD_MATCH = YES;
				COPY_PHASE_STRIP = NO;
				DEBUG_INFORMATION_FORMAT = "dwarf-with-dsym";
				ENABLE_NS_ASSERTIONS = NO;
				ENABLE_STRICT_OBJC_MSGSEND = YES;
				GCC_C_LANGUAGE_STANDARD = gnu11;
				GCC_NO_COMMON_BLOCKS = YES;
				GCC_WARN_64_TO_32_BIT_CONVERSION = YES;
				GCC_WARN_ABOUT_RETURN_TYPE = YES_ERROR;
				GCC_WARN_UNDECLARED_SELECTOR = YES;
				GCC_WARN_UNINITIALIZED_AUTOS = YES_AGGRESSIVE;
				GCC_WARN_UNUSED_FUNCTION = YES;
				GCC_WARN_UNUSED_VARIABLE = YES;
				IPHONEOS_DEPLOYMENT_TARGET = 15.5;
				MTL_ENABLE_DEBUG_INFO = NO;
				MTL_FAST_MATH = YES;
				SDKROOT = iphoneos;
				SWIFT_COMPILATION_MODE = wholemodule;
				SWIFT_OPTIMIZATION_LEVEL = "-O";
				VALIDATE_PRODUCT = YES;
			};
			name = Release;
		};
		D2B750792856FCC00078067A /* Debug */ = {
			isa = XCBuildConfiguration;
			baseConfigurationReference = 881AFF5EE63650736B6FCCB8 /* Pods-IssueTracker.debug.xcconfig */;
			buildSettings = {
				ASSETCATALOG_COMPILER_APPICON_NAME = AppIcon;
				ASSETCATALOG_COMPILER_GLOBAL_ACCENT_COLOR_NAME = AccentColor;
				CODE_SIGN_ENTITLEMENTS = IssueTracker/IssueTracker.entitlements;
				CODE_SIGN_STYLE = Automatic;
				CURRENT_PROJECT_VERSION = 1;
				DEVELOPMENT_TEAM = B3PWYBKFUK;
				GENERATE_INFOPLIST_FILE = YES;
				INFOPLIST_FILE = IssueTracker/Info.plist;
				INFOPLIST_KEY_UIApplicationSupportsIndirectInputEvents = YES;
				INFOPLIST_KEY_UILaunchStoryboardName = LaunchScreen;
				INFOPLIST_KEY_UISupportedInterfaceOrientations_iPad = "UIInterfaceOrientationPortrait UIInterfaceOrientationPortraitUpsideDown UIInterfaceOrientationLandscapeLeft UIInterfaceOrientationLandscapeRight";
				INFOPLIST_KEY_UISupportedInterfaceOrientations_iPhone = "UIInterfaceOrientationPortrait UIInterfaceOrientationLandscapeLeft UIInterfaceOrientationLandscapeRight";
				IPHONEOS_DEPLOYMENT_TARGET = 13.0;
				LD_RUNPATH_SEARCH_PATHS = (
					"$(inherited)",
					"@executable_path/Frameworks",
				);
				MARKETING_VERSION = 1.0;
				PRODUCT_BUNDLE_IDENTIFIER = "com.team07.issue-tracker.IssueTracker";
				PRODUCT_NAME = "$(TARGET_NAME)";
				SWIFT_EMIT_LOC_STRINGS = YES;
				SWIFT_VERSION = 5.0;
				TARGETED_DEVICE_FAMILY = "1,2";
			};
			name = Debug;
		};
		D2B7507A2856FCC00078067A /* Release */ = {
			isa = XCBuildConfiguration;
			baseConfigurationReference = AA124A5450ECA849D48F4413 /* Pods-IssueTracker.release.xcconfig */;
			buildSettings = {
				ASSETCATALOG_COMPILER_APPICON_NAME = AppIcon;
				ASSETCATALOG_COMPILER_GLOBAL_ACCENT_COLOR_NAME = AccentColor;
				CODE_SIGN_ENTITLEMENTS = IssueTracker/IssueTracker.entitlements;
				CODE_SIGN_STYLE = Automatic;
				CURRENT_PROJECT_VERSION = 1;
				DEVELOPMENT_TEAM = B3PWYBKFUK;
				GENERATE_INFOPLIST_FILE = YES;
				INFOPLIST_FILE = IssueTracker/Info.plist;
				INFOPLIST_KEY_UIApplicationSupportsIndirectInputEvents = YES;
				INFOPLIST_KEY_UILaunchStoryboardName = LaunchScreen;
				INFOPLIST_KEY_UISupportedInterfaceOrientations_iPad = "UIInterfaceOrientationPortrait UIInterfaceOrientationPortraitUpsideDown UIInterfaceOrientationLandscapeLeft UIInterfaceOrientationLandscapeRight";
				INFOPLIST_KEY_UISupportedInterfaceOrientations_iPhone = "UIInterfaceOrientationPortrait UIInterfaceOrientationLandscapeLeft UIInterfaceOrientationLandscapeRight";
				IPHONEOS_DEPLOYMENT_TARGET = 13.0;
				LD_RUNPATH_SEARCH_PATHS = (
					"$(inherited)",
					"@executable_path/Frameworks",
				);
				MARKETING_VERSION = 1.0;
				PRODUCT_BUNDLE_IDENTIFIER = "com.team07.issue-tracker.IssueTracker";
				PRODUCT_NAME = "$(TARGET_NAME)";
				SWIFT_EMIT_LOC_STRINGS = YES;
				SWIFT_VERSION = 5.0;
				TARGETED_DEVICE_FAMILY = "1,2";
			};
			name = Release;
		};
/* End XCBuildConfiguration section */

/* Begin XCConfigurationList section */
		D2B7505F2856FCBE0078067A /* Build configuration list for PBXProject "IssueTracker" */ = {
			isa = XCConfigurationList;
			buildConfigurations = (
				D2B750762856FCC00078067A /* Debug */,
				D2B750772856FCC00078067A /* Release */,
			);
			defaultConfigurationIsVisible = 0;
			defaultConfigurationName = Release;
		};
		D2B750782856FCC00078067A /* Build configuration list for PBXNativeTarget "IssueTracker" */ = {
			isa = XCConfigurationList;
			buildConfigurations = (
				D2B750792856FCC00078067A /* Debug */,
				D2B7507A2856FCC00078067A /* Release */,
			);
			defaultConfigurationIsVisible = 0;
			defaultConfigurationName = Release;
		};
/* End XCConfigurationList section */
	};
	rootObject = D2B7505C2856FCBE0078067A /* Project object */;
}
